
Microsoft Visual Studio Solution File, Format Version 12.00
# Visual Studio Version 17
VisualStudioVersion = 17.10.34928.147
MinimumVisualStudioVersion = 10.0.40219.1
Project("{2150E333-8FDC-42A3-9474-1A3956D46DE8}") = "src", "src", "{CC9A4137-8D68-4DFD-B834-8910C555FD4B}"
EndProject
Project("{2150E333-8FDC-42A3-9474-1A3956D46DE8}") = "test", "test", "{AC0CA4BD-98B7-4D06-9568-AA6C0BC9611F}"
EndProject
Project("{2150E333-8FDC-42A3-9474-1A3956D46DE8}") = "Core", "Core", "{E1AB5B24-CEB5-4146-AF05-FD141499BA04}"
EndProject
Project("{2150E333-8FDC-42A3-9474-1A3956D46DE8}") = "API", "API", "{EF7446D4-B87B-4C8F-ACAC-7271468CE940}"
EndProject
Project("{2150E333-8FDC-42A3-9474-1A3956D46DE8}") = "UI", "UI", "{12ACC191-83AC-456C-8B06-9905F50FAE25}"
EndProject
Project("{2150E333-8FDC-42A3-9474-1A3956D46DE8}") = "Infrastructure", "Infrastructure", "{6043BE85-8CBD-415B-9164-98F762AE5C02}"
EndProject
Project("{9A19103F-16F7-4668-BE54-9A1E7A4F7556}") = "SOLID.CleanArchitecture .NET.Domain", "SOLID.CleanArchitecture .NET.Domain\SOLID.CleanArchitecture .NET.Domain.csproj", "{D65305D4-3202-4FB0-BF10-ED902C4E5353}"
EndProject
Project("{9A19103F-16F7-4668-BE54-9A1E7A4F7556}") = "SOLID.CleanArchitecture .NET.Application", "SOLID.CleanArchitecture .NET.Application\SOLID.CleanArchitecture .NET.Application.csproj", "{BE7CC6AF-9623-4CEB-A194-5A5FBA1D417D}"
EndProject
Project("{9A19103F-16F7-4668-BE54-9A1E7A4F7556}") = "SOLID.CleanArchitecture .NET.Persistence", "SOLID.CleanArchitecture .NET.Persistence\SOLID.CleanArchitecture .NET.Persistence.csproj", "{FC4B06DA-08E9-4DB9-BE54-A44FEB5F9758}"
EndProject
Project("{9A19103F-16F7-4668-BE54-9A1E7A4F7556}") = "SOLID.CleanArchitecture .NET.Infrastructure", "SOLID.CleanArchitecture .NET.Infrastructure\SOLID.CleanArchitecture .NET.Infrastructure.csproj", "{D200A46E-EB88-4CA5-92AF-8FA412E05795}"
EndProject
Project("{9A19103F-16F7-4668-BE54-9A1E7A4F7556}") = "SOLID.CleanArchitecture .NET.API", "SOLID.CleanArchitecture .NET.API\SOLID.CleanArchitecture .NET.API.csproj", "{A4E8A3CE-969A-4540-824C-15FDE03D9421}"
EndProject
Project("{9A19103F-16F7-4668-BE54-9A1E7A4F7556}") = "SOLID.CleanArchitecture.Applicaiton.UnitTest", "SOLID.CleanArchitecture.Applicaiton.UnitTest\SOLID.CleanArchitecture.Applicaiton.UnitTest.csproj", "{3A430417-8132-4D8C-A09E-BFE8F2479E47}"
EndProject
Project("{9A19103F-16F7-4668-BE54-9A1E7A4F7556}") = "SOLID.CleanArchitecture.Persistence.IntegrationTests", "SOLID.CleanArchitecture.Persistence.IntegrationTests\SOLID.CleanArchitecture.Persistence.IntegrationTests.csproj", "{70102C97-CDB7-4359-B736-9C7040CD6135}"
EndProject
Project("{9A19103F-16F7-4668-BE54-9A1E7A4F7556}") = "SOLID.CleanArchitecture .NET.BlazorApp", "SOLID.CleanArchitecture .NET.BlazorApp\SOLID.CleanArchitecture .NET.BlazorApp.csproj", "{F5E1C279-1BAC-47D5-999D-A1B0FBCB207A}"
EndProject
Project("{9A19103F-16F7-4668-BE54-9A1E7A4F7556}") = "SOLID.CleanArchitecture .NET.Identity", "SOLID.CleanArchitecture .NET.Identity\SOLID.CleanArchitecture .NET.Identity.csproj", "{4BD48237-E5C2-4BAC-976A-97D186AD0EF3}"
EndProject
Global
	GlobalSection(SolutionConfigurationPlatforms) = preSolution
		Debug|Any CPU = Debug|Any CPU
		Release|Any CPU = Release|Any CPU
	EndGlobalSection
	GlobalSection(ProjectConfigurationPlatforms) = postSolution
		{D65305D4-3202-4FB0-BF10-ED902C4E5353}.Debug|Any CPU.ActiveCfg = Debug|Any CPU
		{D65305D4-3202-4FB0-BF10-ED902C4E5353}.Debug|Any CPU.Build.0 = Debug|Any CPU
		{D65305D4-3202-4FB0-BF10-ED902C4E5353}.Release|Any CPU.ActiveCfg = Release|Any CPU
		{D65305D4-3202-4FB0-BF10-ED902C4E5353}.Release|Any CPU.Build.0 = Release|Any CPU
		{BE7CC6AF-9623-4CEB-A194-5A5FBA1D417D}.Debug|Any CPU.ActiveCfg = Debug|Any CPU
		{BE7CC6AF-9623-4CEB-A194-5A5FBA1D417D}.Debug|Any CPU.Build.0 = Debug|Any CPU
		{BE7CC6AF-9623-4CEB-A194-5A5FBA1D417D}.Release|Any CPU.ActiveCfg = Release|Any CPU
		{BE7CC6AF-9623-4CEB-A194-5A5FBA1D417D}.Release|Any CPU.Build.0 = Release|Any CPU
		{FC4B06DA-08E9-4DB9-BE54-A44FEB5F9758}.Debug|Any CPU.ActiveCfg = Debug|Any CPU
		{FC4B06DA-08E9-4DB9-BE54-A44FEB5F9758}.Debug|Any CPU.Build.0 = Debug|Any CPU
		{FC4B06DA-08E9-4DB9-BE54-A44FEB5F9758}.Release|Any CPU.ActiveCfg = Release|Any CPU
		{FC4B06DA-08E9-4DB9-BE54-A44FEB5F9758}.Release|Any CPU.Build.0 = Release|Any CPU
		{D200A46E-EB88-4CA5-92AF-8FA412E05795}.Debug|Any CPU.ActiveCfg = Debug|Any CPU
		{D200A46E-EB88-4CA5-92AF-8FA412E05795}.Debug|Any CPU.Build.0 = Debug|Any CPU
		{D200A46E-EB88-4CA5-92AF-8FA412E05795}.Release|Any CPU.ActiveCfg = Release|Any CPU
		{D200A46E-EB88-4CA5-92AF-8FA412E05795}.Release|Any CPU.Build.0 = Release|Any CPU
		{A4E8A3CE-969A-4540-824C-15FDE03D9421}.Debug|Any CPU.ActiveCfg = Debug|Any CPU
		{A4E8A3CE-969A-4540-824C-15FDE03D9421}.Debug|Any CPU.Build.0 = Debug|Any CPU
		{A4E8A3CE-969A-4540-824C-15FDE03D9421}.Release|Any CPU.ActiveCfg = Release|Any CPU
		{A4E8A3CE-969A-4540-824C-15FDE03D9421}.Release|Any CPU.Build.0 = Release|Any CPU
		{3A430417-8132-4D8C-A09E-BFE8F2479E47}.Debug|Any CPU.ActiveCfg = Debug|Any CPU
		{3A430417-8132-4D8C-A09E-BFE8F2479E47}.Debug|Any CPU.Build.0 = Debug|Any CPU
		{3A430417-8132-4D8C-A09E-BFE8F2479E47}.Release|Any CPU.ActiveCfg = Release|Any CPU
		{3A430417-8132-4D8C-A09E-BFE8F2479E47}.Release|Any CPU.Build.0 = Release|Any CPU
		{70102C97-CDB7-4359-B736-9C7040CD6135}.Debug|Any CPU.ActiveCfg = Debug|Any CPU
		{70102C97-CDB7-4359-B736-9C7040CD6135}.Debug|Any CPU.Build.0 = Debug|Any CPU
		{70102C97-CDB7-4359-B736-9C7040CD6135}.Release|Any CPU.ActiveCfg = Release|Any CPU
		{70102C97-CDB7-4359-B736-9C7040CD6135}.Release|Any CPU.Build.0 = Release|Any CPU
		{F5E1C279-1BAC-47D5-999D-A1B0FBCB207A}.Debug|Any CPU.ActiveCfg = Debug|Any CPU
		{F5E1C279-1BAC-47D5-999D-A1B0FBCB207A}.Debug|Any CPU.Build.0 = Debug|Any CPU
		{F5E1C279-1BAC-47D5-999D-A1B0FBCB207A}.Release|Any CPU.ActiveCfg = Release|Any CPU
		{F5E1C279-1BAC-47D5-999D-A1B0FBCB207A}.Release|Any CPU.Build.0 = Release|Any CPU
		{4BD48237-E5C2-4BAC-976A-97D186AD0EF3}.Debug|Any CPU.ActiveCfg = Debug|Any CPU
		{4BD48237-E5C2-4BAC-976A-97D186AD0EF3}.Debug|Any CPU.Build.0 = Debug|Any CPU
		{4BD48237-E5C2-4BAC-976A-97D186AD0EF3}.Release|Any CPU.ActiveCfg = Release|Any CPU
		{4BD48237-E5C2-4BAC-976A-97D186AD0EF3}.Release|Any CPU.Build.0 = Release|Any CPU
	EndGlobalSection
	GlobalSection(SolutionProperties) = preSolution
		HideSolutionNode = FALSE
	EndGlobalSection
	GlobalSection(NestedProjects) = preSolution
		{E1AB5B24-CEB5-4146-AF05-FD141499BA04} = {CC9A4137-8D68-4DFD-B834-8910C555FD4B}
		{EF7446D4-B87B-4C8F-ACAC-7271468CE940} = {CC9A4137-8D68-4DFD-B834-8910C555FD4B}
		{12ACC191-83AC-456C-8B06-9905F50FAE25} = {CC9A4137-8D68-4DFD-B834-8910C555FD4B}
		{6043BE85-8CBD-415B-9164-98F762AE5C02} = {CC9A4137-8D68-4DFD-B834-8910C555FD4B}
		{D65305D4-3202-4FB0-BF10-ED902C4E5353} = {E1AB5B24-CEB5-4146-AF05-FD141499BA04}
		{BE7CC6AF-9623-4CEB-A194-5A5FBA1D417D} = {E1AB5B24-CEB5-4146-AF05-FD141499BA04}
		{FC4B06DA-08E9-4DB9-BE54-A44FEB5F9758} = {CC9A4137-8D68-4DFD-B834-8910C555FD4B}
		{D200A46E-EB88-4CA5-92AF-8FA412E05795} = {CC9A4137-8D68-4DFD-B834-8910C555FD4B}
		{A4E8A3CE-969A-4540-824C-15FDE03D9421} = {EF7446D4-B87B-4C8F-ACAC-7271468CE940}
		{3A430417-8132-4D8C-A09E-BFE8F2479E47} = {AC0CA4BD-98B7-4D06-9568-AA6C0BC9611F}
		{70102C97-CDB7-4359-B736-9C7040CD6135} = {AC0CA4BD-98B7-4D06-9568-AA6C0BC9611F}
		{F5E1C279-1BAC-47D5-999D-A1B0FBCB207A} = {12ACC191-83AC-456C-8B06-9905F50FAE25}
		{4BD48237-E5C2-4BAC-976A-97D186AD0EF3} = {CC9A4137-8D68-4DFD-B834-8910C555FD4B}
	EndGlobalSection
	GlobalSection(ExtensibilityGlobals) = postSolution
		SolutionGuid = {295E96E3-D032-4D78-9FDD-0615281076E5}
	EndGlobalSection
EndGlobal
